{
    "_readme": [
        "This file locks the dependencies of your project to a known state",
        "Read more about it at https://getcomposer.org/doc/01-basic-usage.md#composer-lock-the-lock-file",
        "This file is @generated automatically"
    ],
    "content-hash": "edfe573a30bf1e39e98a896a184eb9e4",
    "packages": [
        {
            "name": "container-interop/container-interop",
            "version": "1.2.0",
            "source": {
                "type": "git",
                "url": "https://github.com/container-interop/container-interop.git",
                "reference": "79cbf1341c22ec75643d841642dd5d6acd83bdb8"
            },
            "dist": {
                "type": "zip",
                "url": "https://api.github.com/repos/container-interop/container-interop/zipball/79cbf1341c22ec75643d841642dd5d6acd83bdb8",
                "reference": "79cbf1341c22ec75643d841642dd5d6acd83bdb8",
                "shasum": ""
            },
            "require": {
                "psr/container": "^1.0"
            },
            "type": "library",
            "autoload": {
                "psr-4": {
                    "Interop\\Container\\": "src/Interop/Container/"
                }
            },
            "notification-url": "https://packagist.org/downloads/",
            "license": [
                "MIT"
            ],
            "description": "Promoting the interoperability of container objects (DIC, SL, etc.)",
            "homepage": "https://github.com/container-interop/container-interop",
            "time": "2017-02-14T19:40:03+00:00"
        },
        {
            "name": "dflydev/fig-cookies",
            "version": "v1.0.2",
            "source": {
                "type": "git",
                "url": "https://github.com/dflydev/dflydev-fig-cookies.git",
                "reference": "883233c159d00d39e940bd12cfe42c0d23420c1c"
            },
            "dist": {
                "type": "zip",
                "url": "https://api.github.com/repos/dflydev/dflydev-fig-cookies/zipball/883233c159d00d39e940bd12cfe42c0d23420c1c",
                "reference": "883233c159d00d39e940bd12cfe42c0d23420c1c",
                "shasum": ""
            },
            "require": {
                "php": ">=5.4",
                "psr/http-message": "~1.0"
            },
            "require-dev": {
                "codeclimate/php-test-reporter": "~0.1@dev",
                "phpunit/phpunit": "~4.5",
                "squizlabs/php_codesniffer": "~2.3"
            },
            "type": "library",
            "extra": {
                "branch-alias": {
                    "dev-master": "1.0.x-dev"
                }
            },
            "autoload": {
                "psr-4": {
                    "Dflydev\\FigCookies\\": "src/Dflydev/FigCookies"
                }
            },
            "notification-url": "https://packagist.org/downloads/",
            "license": [
                "MIT"
            ],
            "authors": [
                {
                    "name": "Beau Simensen",
                    "email": "beau@dflydev.com"
                }
            ],
            "description": "Cookies for PSR-7 HTTP Message Interface.",
            "keywords": [
                "cookies",
                "psr-7",
                "psr7"
            ],
            "time": "2016-03-28T09:10:18+00:00"
        },
        {
            "name": "http-interop/http-middleware",
            "version": "0.2.0",
            "source": {
                "type": "git",
                "url": "https://github.com/http-interop/http-middleware.git",
                "reference": "ff545c87e97bf4d88f0cb7eb3e89f99aaa53d7a9"
            },
            "dist": {
                "type": "zip",
                "url": "https://api.github.com/repos/http-interop/http-middleware/zipball/ff545c87e97bf4d88f0cb7eb3e89f99aaa53d7a9",
                "reference": "ff545c87e97bf4d88f0cb7eb3e89f99aaa53d7a9",
                "shasum": ""
            },
            "require": {
                "php": ">=5.3.0",
                "psr/http-message": "^1.0"
            },
            "type": "library",
            "extra": {
                "branch-alias": {
                    "dev-master": "1.0.x-dev"
                }
            },
            "autoload": {
                "psr-4": {
                    "Interop\\Http\\Middleware\\": "src/"
                }
            },
            "notification-url": "https://packagist.org/downloads/",
            "license": [
                "MIT"
            ],
            "authors": [
                {
                    "name": "PHP-FIG",
                    "homepage": "http://www.php-fig.org/"
                }
            ],
            "description": "Common interface for HTTP middleware",
            "keywords": [
                "factory",
                "http",
                "middleware",
                "psr",
                "psr-17",
                "psr-7",
                "request",
                "response"
            ],
            "abandoned": "http-interop/http-server-middleware",
            "time": "2016-09-25T13:30:27+00:00"
        },
        {
            "name": "lcobucci/jwt",
            "version": "3.2.4",
            "source": {
                "type": "git",
                "url": "https://github.com/lcobucci/jwt.git",
                "reference": "c9704b751315d21735dc98d78d4f37bd73596da7"
            },
            "dist": {
                "type": "zip",
                "url": "https://api.github.com/repos/lcobucci/jwt/zipball/c9704b751315d21735dc98d78d4f37bd73596da7",
                "reference": "c9704b751315d21735dc98d78d4f37bd73596da7",
                "shasum": ""
            },
            "require": {
                "ext-openssl": "*",
                "php": ">=5.5"
            },
            "require-dev": {
                "mdanter/ecc": "~0.3.1",
                "mikey179/vfsstream": "~1.5",
                "phpmd/phpmd": "~2.2",
                "phpunit/php-invoker": "~1.1",
                "phpunit/phpunit": "~4.5",
                "squizlabs/php_codesniffer": "~2.3"
            },
            "suggest": {
                "mdanter/ecc": "Required to use Elliptic Curves based algorithms."
            },
            "type": "library",
            "extra": {
                "branch-alias": {
                    "dev-master": "3.1-dev"
                }
            },
            "autoload": {
                "psr-4": {
                    "Lcobucci\\JWT\\": "src"
                }
            },
            "notification-url": "https://packagist.org/downloads/",
            "license": [
                "BSD-3-Clause"
            ],
            "authors": [
                {
                    "name": "Luís Otávio Cobucci Oblonczyk",
                    "email": "lcobucci@gmail.com",
                    "role": "Developer"
                }
            ],
            "description": "A simple library to work with JSON Web Token and JSON Web Signature",
            "keywords": [
                "JWS",
                "jwt"
            ],
            "time": "2018-08-03T11:23:50+00:00"
        },
        {
            "name": "nikic/fast-route",
            "version": "v1.3.0",
            "source": {
                "type": "git",
                "url": "https://github.com/nikic/FastRoute.git",
                "reference": "181d480e08d9476e61381e04a71b34dc0432e812"
            },
            "dist": {
                "type": "zip",
                "url": "https://api.github.com/repos/nikic/FastRoute/zipball/181d480e08d9476e61381e04a71b34dc0432e812",
                "reference": "181d480e08d9476e61381e04a71b34dc0432e812",
                "shasum": ""
            },
            "require": {
                "php": ">=5.4.0"
            },
            "require-dev": {
                "phpunit/phpunit": "^4.8.35|~5.7"
            },
            "type": "library",
            "autoload": {
                "psr-4": {
                    "FastRoute\\": "src/"
                },
                "files": [
                    "src/functions.php"
                ]
            },
            "notification-url": "https://packagist.org/downloads/",
            "license": [
                "BSD-3-Clause"
            ],
            "authors": [
                {
                    "name": "Nikita Popov",
                    "email": "nikic@php.net"
                }
            ],
            "description": "Fast request router for PHP",
            "keywords": [
                "router",
                "routing"
            ],
            "time": "2018-02-13T20:26:39+00:00"
        },
        {
            "name": "pimple/pimple",
            "version": "v3.2.3",
            "source": {
                "type": "git",
                "url": "https://github.com/silexphp/Pimple.git",
                "reference": "9e403941ef9d65d20cba7d54e29fe906db42cf32"
            },
            "dist": {
                "type": "zip",
                "url": "https://api.github.com/repos/silexphp/Pimple/zipball/9e403941ef9d65d20cba7d54e29fe906db42cf32",
                "reference": "9e403941ef9d65d20cba7d54e29fe906db42cf32",
                "shasum": ""
            },
            "require": {
                "php": ">=5.3.0",
                "psr/container": "^1.0"
            },
            "require-dev": {
                "symfony/phpunit-bridge": "^3.2"
            },
            "type": "library",
            "extra": {
                "branch-alias": {
                    "dev-master": "3.2.x-dev"
                }
            },
            "autoload": {
                "psr-0": {
                    "Pimple": "src/"
                }
            },
            "notification-url": "https://packagist.org/downloads/",
            "license": [
                "MIT"
            ],
            "authors": [
                {
                    "name": "Fabien Potencier",
                    "email": "fabien@symfony.com"
                }
            ],
            "description": "Pimple, a simple Dependency Injection Container",
            "homepage": "http://pimple.sensiolabs.org",
            "keywords": [
                "container",
                "dependency injection"
            ],
            "time": "2018-01-21T07:42:36+00:00"
        },
        {
            "name": "psr/container",
            "version": "1.0.0",
            "source": {
                "type": "git",
                "url": "https://github.com/php-fig/container.git",
                "reference": "b7ce3b176482dbbc1245ebf52b181af44c2cf55f"
            },
            "dist": {
                "type": "zip",
                "url": "https://api.github.com/repos/php-fig/container/zipball/b7ce3b176482dbbc1245ebf52b181af44c2cf55f",
                "reference": "b7ce3b176482dbbc1245ebf52b181af44c2cf55f",
                "shasum": ""
            },
            "require": {
                "php": ">=5.3.0"
            },
            "type": "library",
            "extra": {
                "branch-alias": {
                    "dev-master": "1.0.x-dev"
                }
            },
            "autoload": {
                "psr-4": {
                    "Psr\\Container\\": "src/"
                }
            },
            "notification-url": "https://packagist.org/downloads/",
            "license": [
                "MIT"
            ],
            "authors": [
                {
                    "name": "PHP-FIG",
                    "homepage": "http://www.php-fig.org/"
                }
            ],
            "description": "Common Container Interface (PHP FIG PSR-11)",
            "homepage": "https://github.com/php-fig/container",
            "keywords": [
                "PSR-11",
                "container",
                "container-interface",
                "container-interop",
                "psr"
            ],
            "time": "2017-02-14T16:28:37+00:00"
        },
        {
            "name": "psr/http-message",
            "version": "1.0.1",
            "source": {
                "type": "git",
                "url": "https://github.com/php-fig/http-message.git",
                "reference": "f6561bf28d520154e4b0ec72be95418abe6d9363"
            },
            "dist": {
                "type": "zip",
                "url": "https://api.github.com/repos/php-fig/http-message/zipball/f6561bf28d520154e4b0ec72be95418abe6d9363",
                "reference": "f6561bf28d520154e4b0ec72be95418abe6d9363",
                "shasum": ""
            },
            "require": {
                "php": ">=5.3.0"
            },
            "type": "library",
            "extra": {
                "branch-alias": {
                    "dev-master": "1.0.x-dev"
                }
            },
            "autoload": {
                "psr-4": {
                    "Psr\\Http\\Message\\": "src/"
                }
            },
            "notification-url": "https://packagist.org/downloads/",
            "license": [
                "MIT"
            ],
            "authors": [
                {
                    "name": "PHP-FIG",
                    "homepage": "http://www.php-fig.org/"
                }
            ],
            "description": "Common interface for HTTP messages",
            "homepage": "https://github.com/php-fig/http-message",
            "keywords": [
                "http",
                "http-message",
                "psr",
                "psr-7",
                "request",
                "response"
            ],
            "time": "2016-08-06T14:39:51+00:00"
        },
        {
            "name": "psr7-sessions/storageless",
            "version": "3.0.1",
            "source": {
                "type": "git",
                "url": "https://github.com/psr7-sessions/storageless.git",
                "reference": "4925d6549bf00602265a22e99ba7187af1bd1461"
            },
            "dist": {
                "type": "zip",
                "url": "https://api.github.com/repos/psr7-sessions/storageless/zipball/4925d6549bf00602265a22e99ba7187af1bd1461",
                "reference": "4925d6549bf00602265a22e99ba7187af1bd1461",
                "shasum": ""
            },
            "require": {
                "dflydev/fig-cookies": "^1.0",
                "lcobucci/jwt": "^3.1",
                "php": "~7.0",
                "psr/http-message": "^1.0",
                "zendframework/zend-stratigility": "^1.1"
            },
            "replace": {
                "ocramius/psr7-session": "self.version"
            },
            "require-dev": {
                "humbug/humbug": "dev-master",
                "phpunit/phpunit": "^5.0",
                "zendframework/zend-diactoros": "^1.1"
            },
            "type": "library",
            "extra": {
                "branch-alias": {
                    "dev-master": "4.0.x-dev"
                }
            },
            "autoload": {
                "psr-4": {
                    "PSR7Sessions\\Storageless\\": "src/Storageless"
                }
            },
            "notification-url": "https://packagist.org/downloads/",
            "license": [
                "MIT"
            ],
            "authors": [
                {
                    "name": "Luís Otávio Cobucci Oblonczyk",
                    "email": "lcobucci@gmail.com",
                    "role": "Developer"
                },
                {
                    "name": "Marco Pivetta",
                    "email": "ocramius@gmail.com",
                    "homepage": "http://ocramius.github.io/",
                    "role": "Developer"
                },
                {
                    "name": "Jefersson Nathan",
                    "email": "malukenho@phpse.net",
                    "role": "Developer"
                }
            ],
            "description": "Storageless PSR-7 Session support",
            "time": "2017-05-08T09:49:17+00:00"
        },
        {
            "name": "slim/slim",
            "version": "3.10.0",
            "source": {
                "type": "git",
                "url": "https://github.com/slimphp/Slim.git",
                "reference": "d8aabeacc3688b25e2f2dd2db91df91ec6fdd748"
            },
            "dist": {
                "type": "zip",
                "url": "https://api.github.com/repos/slimphp/Slim/zipball/d8aabeacc3688b25e2f2dd2db91df91ec6fdd748",
                "reference": "d8aabeacc3688b25e2f2dd2db91df91ec6fdd748",
                "shasum": ""
            },
            "require": {
                "container-interop/container-interop": "^1.2",
                "nikic/fast-route": "^1.0",
                "php": ">=5.5.0",
                "pimple/pimple": "^3.0",
                "psr/container": "^1.0",
                "psr/http-message": "^1.0"
            },
            "provide": {
                "psr/http-message-implementation": "1.0"
            },
            "require-dev": {
                "phpunit/phpunit": "^4.0",
                "squizlabs/php_codesniffer": "^2.5"
            },
            "type": "library",
            "autoload": {
                "psr-4": {
                    "Slim\\": "Slim"
                }
            },
            "notification-url": "https://packagist.org/downloads/",
            "license": [
                "MIT"
            ],
            "authors": [
                {
                    "name": "Rob Allen",
                    "email": "rob@akrabat.com",
                    "homepage": "http://akrabat.com"
                },
                {
                    "name": "Josh Lockhart",
                    "email": "hello@joshlockhart.com",
                    "homepage": "https://joshlockhart.com"
                },
                {
                    "name": "Gabriel Manricks",
                    "email": "gmanricks@me.com",
                    "homepage": "http://gabrielmanricks.com"
                },
                {
                    "name": "Andrew Smith",
                    "email": "a.smith@silentworks.co.uk",
                    "homepage": "http://silentworks.co.uk"
                }
            ],
            "description": "Slim is a PHP micro framework that helps you quickly write simple yet powerful web applications and APIs",
            "homepage": "https://slimframework.com",
            "keywords": [
                "api",
                "framework",
                "micro",
                "router"
            ],
            "time": "2018-04-19T19:29:08+00:00"
        },
        {
            "name": "zendframework/zend-escaper",
            "version": "2.6.0",
            "source": {
                "type": "git",
                "url": "https://github.com/zendframework/zend-escaper.git",
                "reference": "31d8aafae982f9568287cb4dce987e6aff8fd074"
            },
            "dist": {
                "type": "zip",
                "url": "https://api.github.com/repos/zendframework/zend-escaper/zipball/31d8aafae982f9568287cb4dce987e6aff8fd074",
                "reference": "31d8aafae982f9568287cb4dce987e6aff8fd074",
                "shasum": ""
            },
            "require": {
                "php": "^5.6 || ^7.0"
            },
            "require-dev": {
                "phpunit/phpunit": "^5.7.27 || ^6.5.8 || ^7.1.2",
                "zendframework/zend-coding-standard": "~1.0.0"
            },
            "type": "library",
            "extra": {
                "branch-alias": {
                    "dev-master": "2.6.x-dev",
                    "dev-develop": "2.7.x-dev"
                }
            },
            "autoload": {
                "psr-4": {
                    "Zend\\Escaper\\": "src/"
                }
            },
            "notification-url": "https://packagist.org/downloads/",
            "license": [
                "BSD-3-Clause"
            ],
            "description": "Securely and safely escape HTML, HTML attributes, JavaScript, CSS, and URLs",
            "keywords": [
                "ZendFramework",
                "escaper",
                "zf"
            ],
            "time": "2018-04-25T15:48:53+00:00"
        },
        {
            "name": "zendframework/zend-stratigility",
            "version": "1.3.3",
            "source": {
                "type": "git",
                "url": "https://github.com/zendframework/zend-stratigility.git",
                "reference": "2c4120d2af215c8261a36e0bc3aa8e179e05e148"
            },
            "dist": {
                "type": "zip",
                "url": "https://api.github.com/repos/zendframework/zend-stratigility/zipball/2c4120d2af215c8261a36e0bc3aa8e179e05e148",
                "reference": "2c4120d2af215c8261a36e0bc3aa8e179e05e148",
                "shasum": ""
            },
            "require": {
                "http-interop/http-middleware": "^0.2.0",
                "php": "^5.6 || ^7.0",
                "psr/http-message": "^1.0",
                "zendframework/zend-escaper": "^2.3"
            },
            "require-dev": {
                "phpunit/phpunit": "^5.6",
                "zendframework/zend-coding-standard": "~1.0.0",
                "zendframework/zend-diactoros": "^1.0"
            },
            "suggest": {
                "psr/http-message-implementation": "Please install a psr/http-message-implementation to consume Stratigility; e.g., zendframework/zend-diactoros"
            },
            "type": "library",
            "extra": {
                "branch-alias": {
                    "dev-master": "1.3.0-dev",
                    "dev-develop": "2.0.0-dev"
                }
            },
            "autoload": {
                "psr-4": {
                    "Zend\\Stratigility\\": "src/"
                }
            },
            "notification-url": "https://packagist.org/downloads/",
            "license": [
                "BSD-3-Clause"
            ],
            "description": "Middleware for PHP",
            "homepage": "https://github.com/zendframework/zend-stratigility",
            "keywords": [
                "http",
                "middleware",
                "psr-7"
            ],
            "time": "2017-01-23T22:59:03+00:00"
        }
    ],
    "packages-dev": [],
    "aliases": [],
    "minimum-stability": "stable",
    "stability-flags": [],
    "prefer-stable": false,
    "prefer-lowest": false,
    "platform": [],
    "platform-dev": []
}
